
Microsoft Visual Studio Solution File, Format Version 12.00
# Visual Studio Version 17
VisualStudioVersion = 17.6.33723.286
MinimumVisualStudioVersion = 10.0.40219.1
Project("{FAE04EC0-301F-11D3-BF4B-00C04F79EFBC}") = "ProductCatalog", "ProductCatalog.csproj", "{3B6088F7-5EEA-46E8-A427-8190D45BD040}"
EndProject
Global
	GlobalSection(SolutionConfigurationPlatforms) = preSolution
		Debug|Any CPU = Debug|Any CPU
		Release|Any CPU = Release|Any CPU
	EndGlobalSection
	GlobalSection(ProjectConfigurationPlatforms) = postSolution
		{3B6088F7-5EEA-46E8-A427-8190D45BD040}.Debug|Any CPU.ActiveCfg = Debug|Any CPU
		{3B6088F7-5EEA-46E8-A427-8190D45BD040}.Debug|Any CPU.Build.0 = Debug|Any CPU
		{3B6088F7-5EEA-46E8-A427-8190D45BD040}.Release|Any CPU.ActiveCfg = Release|Any CPU
		{3B6088F7-5EEA-46E8-A427-8190D45BD040}.Release|Any CPU.Build.0 = Release|Any CPU
	EndGlobalSection
	GlobalSection(SolutionProperties) = preSolution
		HideSolutionNode = FALSE
	EndGlobalSection
	GlobalSection(ExtensibilityGlobals) = postSolution
		SolutionGuid = {B0D54EAA-8429-4848-8A08-4CE1595157F3}
	EndGlobalSection
EndGlobal
